
Microsoft Visual Studio Solution File, Format Version 12.00
# Visual Studio 15
VisualStudioVersion = 15.0.28307.271
MinimumVisualStudioVersion = 10.0.40219.1
Project("{FAE04EC0-301F-11D3-BF4B-00C04F79EFBC}") = "AutoNyilvantarto", "AutoNyilvantarto\AutoNyilvantarto.csproj", "{E86EED11-208B-4885-AEC1-AD70AF018DED}"
EndProject
Global
	GlobalSection(SolutionConfigurationPlatforms) = preSolution
		Debug|Any CPU = Debug|Any CPU
		Release|Any CPU = Release|Any CPU
	EndGlobalSection
	GlobalSection(ProjectConfigurationPlatforms) = postSolution
		{E86EED11-208B-4885-AEC1-AD70AF018DED}.Debug|Any CPU.ActiveCfg = Debug|Any CPU
		{E86EED11-208B-4885-AEC1-AD70AF018DED}.Debug|Any CPU.Build.0 = Debug|Any CPU
		{E86EED11-208B-4885-AEC1-AD70AF018DED}.Release|Any CPU.ActiveCfg = Release|Any CPU
		{E86EED11-208B-4885-AEC1-AD70AF018DED}.Release|Any CPU.Build.0 = Release|Any CPU
	EndGlobalSection
	GlobalSection(SolutionProperties) = preSolution
		HideSolutionNode = FALSE
	EndGlobalSection
	GlobalSection(ExtensibilityGlobals) = postSolution
		SolutionGuid = {5279CA97-C077-4DB3-8F7B-82D64CEC10A8}
	EndGlobalSection
EndGlobal
